# THIS IS AN AUTOGENERATED FILE. DO NOT EDIT THIS FILE DIRECTLY.
# yarn lockfile v1


"@project-serum/anchor-cli@0.20.1":
  version "0.20.1"
  resolved "https://registry.yarnpkg.com/@project-serum/anchor-cli/-/anchor-cli-0.20.1.tgz#766a924debba0207abc515b5aae3190308b0f926"
  integrity sha512-4v7RTIHl2DqBQN/MgDHsxOiZl1iwqakY5elVgrtdfoIh+lSKIiZanXaB2my0sU6tPUI++FqFnpziZnJxj3IV/Q==
